// !$*UTF8*$!
{
	archiveVersion = 1;
	classes = {
	};
	objectVersion = 56;
	objects = {

/* Begin PBXBuildFile section */
		B17592322AEEC5F300C745D1 /* exampleApp.swift in Sources */ = {isa = PBXBuildFile; fileRef = B17592312AEEC5F300C745D1 /* exampleApp.swift */; };
		B17592342AEEC5F300C745D1 /* ContentView.swift in Sources */ = {isa = PBXBuildFile; fileRef = B17592332AEEC5F300C745D1 /* ContentView.swift */; };
		B17592362AEEC5F400C745D1 /* Assets.xcassets in Resources */ = {isa = PBXBuildFile; fileRef = B17592352AEEC5F400C745D1 /* Assets.xcassets */; };
		B17592392AEEC5F400C745D1 /* Preview Assets.xcassets in Resources */ = {isa = PBXBuildFile; fileRef = B17592382AEEC5F400C745D1 /* Preview Assets.xcassets */; };
		B17592402AEEC79900C745D1 /* firstView.swift in Sources */ = {isa = PBXBuildFile; fileRef = B175923F2AEEC79900C745D1 /* firstView.swift */; };
		B17592422AEEC7A900C745D1 /* secondView.swift in Sources */ = {isa = PBXBuildFile; fileRef = B17592412AEEC7A900C745D1 /* secondView.swift */; };
		B17592442AEEC7B100C745D1 /* thirdView.swift in Sources */ = {isa = PBXBuildFile; fileRef = B17592432AEEC7B100C745D1 /* thirdView.swift */; };
		B175924F2AEF342B00C745D1 /* FileA.swift in Sources */ = {isa = PBXBuildFile; fileRef = B175924E2AEF342B00C745D1 /* FileA.swift */; };
		B17592512AEF4AE900C745D1 /* one.swift in Sources */ = {isa = PBXBuildFile; fileRef = B17592502AEF4AE900C745D1 /* one.swift */; };
		B17592532AEF694200C745D1 /* AlignmentView.swift in Sources */ = {isa = PBXBuildFile; fileRef = B17592522AEF694200C745D1 /* AlignmentView.swift */; };
		B17592752AEF8CD800C745D1 /* practice1.swift in Sources */ = {isa = PBXBuildFile; fileRef = B17592742AEF8CD800C745D1 /* practice1.swift */; };
		B17592772AEF8D4100C745D1 /* practice2.swift in Sources */ = {isa = PBXBuildFile; fileRef = B17592762AEF8D4100C745D1 /* practice2.swift */; };
		B17592792AEF953700C745D1 /* AlignmentZStackView.swift in Sources */ = {isa = PBXBuildFile; fileRef = B17592782AEF953700C745D1 /* AlignmentZStackView.swift */; };
		B175927B2AEFA10800C745D1 /* stackpractice1.swift in Sources */ = {isa = PBXBuildFile; fileRef = B175927A2AEFA10800C745D1 /* stackpractice1.swift */; };
		B175927D2AEFA1C100C745D1 /* stackpractice2.swift in Sources */ = {isa = PBXBuildFile; fileRef = B175927C2AEFA1C100C745D1 /* stackpractice2.swift */; };
		B175927F2AEFA23500C745D1 /* stackpractice3.swift in Sources */ = {isa = PBXBuildFile; fileRef = B175927E2AEFA23500C745D1 /* stackpractice3.swift */; };
		B17592812AEFA24400C745D1 /* stackpractice4.swift in Sources */ = {isa = PBXBuildFile; fileRef = B17592802AEFA24400C745D1 /* stackpractice4.swift */; };
		B17592832AEFA25200C745D1 /* stackpractice5.swift in Sources */ = {isa = PBXBuildFile; fileRef = B17592822AEFA25200C745D1 /* stackpractice5.swift */; };
/* End PBXBuildFile section */

/* Begin PBXFileReference section */
		B175922E2AEEC5F300C745D1 /* example.app */ = {isa = PBXFileReference; explicitFileType = wrapper.application; includeInIndex = 0; path = example.app; sourceTree = BUILT_PRODUCTS_DIR; };
		B17592312AEEC5F300C745D1 /* exampleApp.swift */ = {isa = PBXFileReference; lastKnownFileType = sourcecode.swift; path = exampleApp.swift; sourceTree = "<group>"; };
		B17592332AEEC5F300C745D1 /* ContentView.swift */ = {isa = PBXFileReference; lastKnownFileType = sourcecode.swift; path = ContentView.swift; sourceTree = "<group>"; };
		B17592352AEEC5F400C745D1 /* Assets.xcassets */ = {isa = PBXFileReference; lastKnownFileType = folder.assetcatalog; path = Assets.xcassets; sourceTree = "<group>"; };
		B17592382AEEC5F400C745D1 /* Preview Assets.xcassets */ = {isa = PBXFileReference; lastKnownFileType = folder.assetcatalog; path = "Preview Assets.xcassets"; sourceTree = "<group>"; };
		B175923F2AEEC79900C745D1 /* firstView.swift */ = {isa = PBXFileReference; lastKnownFileType = sourcecode.swift; path = firstView.swift; sourceTree = "<group>"; };
		B17592412AEEC7A900C745D1 /* secondView.swift */ = {isa = PBXFileReference; lastKnownFileType = sourcecode.swift; path = secondView.swift; sourceTree = "<group>"; };
		B17592432AEEC7B100C745D1 /* thirdView.swift */ = {isa = PBXFileReference; lastKnownFileType = sourcecode.swift; path = thirdView.swift; sourceTree = "<group>"; };
		B175924E2AEF342B00C745D1 /* FileA.swift */ = {isa = PBXFileReference; lastKnownFileType = sourcecode.swift; path = FileA.swift; sourceTree = "<group>"; };
		B17592502AEF4AE900C745D1 /* one.swift */ = {isa = PBXFileReference; lastKnownFileType = sourcecode.swift; path = one.swift; sourceTree = "<group>"; };
		B17592522AEF694200C745D1 /* AlignmentView.swift */ = {isa = PBXFileReference; lastKnownFileType = sourcecode.swift; path = AlignmentView.swift; sourceTree = "<group>"; };
		B17592742AEF8CD800C745D1 /* practice1.swift */ = {isa = PBXFileReference; lastKnownFileType = sourcecode.swift; path = practice1.swift; sourceTree = "<group>"; };
		B17592762AEF8D4100C745D1 /* practice2.swift */ = {isa = PBXFileReference; lastKnownFileType = sourcecode.swift; path = practice2.swift; sourceTree = "<group>"; };
		B17592782AEF953700C745D1 /* AlignmentZStackView.swift */ = {isa = PBXFileReference; lastKnownFileType = sourcecode.swift; path = AlignmentZStackView.swift; sourceTree = "<group>"; };
		B175927A2AEFA10800C745D1 /* stackpractice1.swift */ = {isa = PBXFileReference; lastKnownFileType = sourcecode.swift; path = stackpractice1.swift; sourceTree = "<group>"; };
		B175927C2AEFA1C100C745D1 /* stackpractice2.swift */ = {isa = PBXFileReference; lastKnownFileType = sourcecode.swift; path = stackpractice2.swift; sourceTree = "<group>"; };
		B175927E2AEFA23500C745D1 /* stackpractice3.swift */ = {isa = PBXFileReference; lastKnownFileType = sourcecode.swift; path = stackpractice3.swift; sourceTree = "<group>"; };
		B17592802AEFA24400C745D1 /* stackpractice4.swift */ = {isa = PBXFileReference; lastKnownFileType = sourcecode.swift; path = stackpractice4.swift; sourceTree = "<group>"; };
		B17592822AEFA25200C745D1 /* stackpractice5.swift */ = {isa = PBXFileReference; lastKnownFileType = sourcecode.swift; path = stackpractice5.swift; sourceTree = "<group>"; };
/* End PBXFileReference section */

/* Begin PBXFrameworksBuildPhase section */
		B175922B2AEEC5F300C745D1 /* Frameworks */ = {
			isa = PBXFrameworksBuildPhase;
			buildActionMask = 2147483647;
			files = (
			);
			runOnlyForDeploymentPostprocessing = 0;
		};
/* End PBXFrameworksBuildPhase section */

/* Begin PBXGroup section */
		B17592252AEEC5F300C745D1 = {
			isa = PBXGroup;
			children = (
				B17592302AEEC5F300C745D1 /* example */,
				B175922F2AEEC5F300C745D1 /* Products */,
			);
			sourceTree = "<group>";
		};
		B175922F2AEEC5F300C745D1 /* Products */ = {
			isa = PBXGroup;
			children = (
				B175922E2AEEC5F300C745D1 /* example.app */,
			);
			name = Products;
			sourceTree = "<group>";
		};
		B17592302AEEC5F300C745D1 /* example */ = {
			isa = PBXGroup;
			children = (
				B17592312AEEC5F300C745D1 /* exampleApp.swift */,
				B17592332AEEC5F300C745D1 /* ContentView.swift */,
				B175923F2AEEC79900C745D1 /* firstView.swift */,
				B17592502AEF4AE900C745D1 /* one.swift */,
				B175924E2AEF342B00C745D1 /* FileA.swift */,
				B17592412AEEC7A900C745D1 /* secondView.swift */,
				B17592432AEEC7B100C745D1 /* thirdView.swift */,
				B17592522AEF694200C745D1 /* AlignmentView.swift */,
				B17592742AEF8CD800C745D1 /* practice1.swift */,
				B17592762AEF8D4100C745D1 /* practice2.swift */,
				B17592782AEF953700C745D1 /* AlignmentZStackView.swift */,
				B175927A2AEFA10800C745D1 /* stackpractice1.swift */,
				B175927C2AEFA1C100C745D1 /* stackpractice2.swift */,
				B175927E2AEFA23500C745D1 /* stackpractice3.swift */,
				B17592802AEFA24400C745D1 /* stackpractice4.swift */,
				B17592822AEFA25200C745D1 /* stackpractice5.swift */,
				B17592352AEEC5F400C745D1 /* Assets.xcassets */,
				B17592372AEEC5F400C745D1 /* Preview Content */,
			);
			path = example;
			sourceTree = "<group>";
		};
		B17592372AEEC5F400C745D1 /* Preview Content */ = {
			isa = PBXGroup;
			children = (
				B17592382AEEC5F400C745D1 /* Preview Assets.xcassets */,
			);
			path = "Preview Content";
			sourceTree = "<group>";
		};
/* End PBXGroup section */

/* Begin PBXNativeTarget section */
		B175922D2AEEC5F300C745D1 /* example */ = {
			isa = PBXNativeTarget;
			buildConfigurationList = B175923C2AEEC5F400C745D1 /* Build configuration list for PBXNativeTarget "example" */;
			buildPhases = (
				B175922A2AEEC5F300C745D1 /* Sources */,
				B175922B2AEEC5F300C745D1 /* Frameworks */,
				B175922C2AEEC5F300C745D1 /* Resources */,
			);
			buildRules = (
			);
			dependencies = (
			);
			name = example;
			productName = example;
			productReference = B175922E2AEEC5F300C745D1 /* example.app */;
			productType = "com.apple.product-type.application";
		};
/* End PBXNativeTarget section */

/* Begin PBXProject section */
		B17592262AEEC5F300C745D1 /* Project object */ = {
			isa = PBXProject;
			attributes = {
				BuildIndependentTargetsInParallel = 1;
				LastSwiftUpdateCheck = 1500;
				LastUpgradeCheck = 1500;
				TargetAttributes = {
					B175922D2AEEC5F300C745D1 = {
						CreatedOnToolsVersion = 15.0.1;
					};
				};
			};
			buildConfigurationList = B17592292AEEC5F300C745D1 /* Build configuration list for PBXProject "example" */;
			compatibilityVersion = "Xcode 14.0";
			developmentRegion = en;
			hasScannedForEncodings = 0;
			knownRegions = (
				en,
				Base,
			);
			mainGroup = B17592252AEEC5F300C745D1;
			productRefGroup = B175922F2AEEC5F300C745D1 /* Products */;
			projectDirPath = "";
			projectRoot = "";
			targets = (
				B175922D2AEEC5F300C745D1 /* example */,
			);
		};
/* End PBXProject section */

/* Begin PBXResourcesBuildPhase section */
		B175922C2AEEC5F300C745D1 /* Resources */ = {
			isa = PBXResourcesBuildPhase;
			buildActionMask = 2147483647;
			files = (
				B17592392AEEC5F400C745D1 /* Preview Assets.xcassets in Resources */,
				B17592362AEEC5F400C745D1 /* Assets.xcassets in Resources */,
			);
			runOnlyForDeploymentPostprocessing = 0;
		};
/* End PBXResourcesBuildPhase section */

/* Begin PBXSourcesBuildPhase section */
		B175922A2AEEC5F300C745D1 /* Sources */ = {
			isa = PBXSourcesBuildPhase;
			buildActionMask = 2147483647;
			files = (
				B175927D2AEFA1C100C745D1 /* stackpractice2.swift in Sources */,
				B17592442AEEC7B100C745D1 /* thirdView.swift in Sources */,
				B17592792AEF953700C745D1 /* AlignmentZStackView.swift in Sources */,
				B17592342AEEC5F300C745D1 /* ContentView.swift in Sources */,
				B17592752AEF8CD800C745D1 /* practice1.swift in Sources */,
				B17592832AEFA25200C745D1 /* stackpractice5.swift in Sources */,
				B17592402AEEC79900C745D1 /* firstView.swift in Sources */,
				B17592532AEF694200C745D1 /* AlignmentView.swift in Sources */,
				B175927F2AEFA23500C745D1 /* stackpractice3.swift in Sources */,
				B17592772AEF8D4100C745D1 /* practice2.swift in Sources */,
				B17592422AEEC7A900C745D1 /* secondView.swift in Sources */,
				B17592322AEEC5F300C745D1 /* exampleApp.swift in Sources */,
				B175927B2AEFA10800C745D1 /* stackpractice1.swift in Sources */,
				B17592512AEF4AE900C745D1 /* one.swift in Sources */,
				B175924F2AEF342B00C745D1 /* FileA.swift in Sources */,
				B17592812AEFA24400C745D1 /* stackpractice4.swift in Sources */,
			);
			runOnlyForDeploymentPostprocessing = 0;
		};
/* End PBXSourcesBuildPhase section */

/* Begin XCBuildConfiguration section */
		B175923A2AEEC5F400C745D1 /* Debug */ = {
			isa = XCBuildConfiguration;
			buildSettings = {
				ALWAYS_SEARCH_USER_PATHS = NO;
				ASSETCATALOG_COMPILER_GENERATE_SWIFT_ASSET_SYMBOL_EXTENSIONS = YES;
				CLANG_ANALYZER_NONNULL = YES;
				CLANG_ANALYZER_NUMBER_OBJECT_CONVERSION = YES_AGGRESSIVE;
				CLANG_CXX_LANGUAGE_STANDARD = "gnu++20";
				CLANG_ENABLE_MODULES = YES;
				CLANG_ENABLE_OBJC_ARC = YES;
				CLANG_ENABLE_OBJC_WEAK = YES;
				CLANG_WARN_BLOCK_CAPTURE_AUTORELEASING = YES;
				CLANG_WARN_BOOL_CONVERSION = YES;
				CLANG_WARN_COMMA = YES;
				CLANG_WARN_CONSTANT_CONVERSION = YES;
				CLANG_WARN_DEPRECATED_OBJC_IMPLEMENTATIONS = YES;
				CLANG_WARN_DIRECT_OBJC_ISA_USAGE = YES_ERROR;
				CLANG_WARN_DOCUMENTATION_COMMENTS = YES;
				CLANG_WARN_EMPTY_BODY = YES;
				CLANG_WARN_ENUM_CONVERSION = YES;
				CLANG_WARN_INFINITE_RECURSION = YES;
				CLANG_WARN_INT_CONVERSION = YES;
				CLANG_WARN_NON_LITERAL_NULL_CONVERSION = YES;
				CLANG_WARN_OBJC_IMPLICIT_RETAIN_SELF = YES;
				CLANG_WARN_OBJC_LITERAL_CONVERSION = YES;
				CLANG_WARN_OBJC_ROOT_CLASS = YES_ERROR;
				CLANG_WARN_QUOTED_INCLUDE_IN_FRAMEWORK_HEADER = YES;
				CLANG_WARN_RANGE_LOOP_ANALYSIS = YES;
				CLANG_WARN_STRICT_PROTOTYPES = YES;
				CLANG_WARN_SUSPICIOUS_MOVE = YES;
				CLANG_WARN_UNGUARDED_AVAILABILITY = YES_AGGRESSIVE;
				CLANG_WARN_UNREACHABLE_CODE = YES;
				CLANG_WARN__DUPLICATE_METHOD_MATCH = YES;
				COPY_PHASE_STRIP = NO;
				DEBUG_INFORMATION_FORMAT = dwarf;
				ENABLE_STRICT_OBJC_MSGSEND = YES;
				ENABLE_TESTABILITY = YES;
				ENABLE_USER_SCRIPT_SANDBOXING = YES;
				GCC_C_LANGUAGE_STANDARD = gnu17;
				GCC_DYNAMIC_NO_PIC = NO;
				GCC_NO_COMMON_BLOCKS = YES;
				GCC_OPTIMIZATION_LEVEL = 0;
				GCC_PREPROCESSOR_DEFINITIONS = (
					"DEBUG=1",
					"$(inherited)",
				);
				GCC_WARN_64_TO_32_BIT_CONVERSION = YES;
				GCC_WARN_ABOUT_RETURN_TYPE = YES_ERROR;
				GCC_WARN_UNDECLARED_SELECTOR = YES;
				GCC_WARN_UNINITIALIZED_AUTOS = YES_AGGRESSIVE;
				GCC_WARN_UNUSED_FUNCTION = YES;
				GCC_WARN_UNUSED_VARIABLE = YES;
				IPHONEOS_DEPLOYMENT_TARGET = 17.0;
				LOCALIZATION_PREFERS_STRING_CATALOGS = YES;
				MTL_ENABLE_DEBUG_INFO = INCLUDE_SOURCE;
				MTL_FAST_MATH = YES;
				ONLY_ACTIVE_ARCH = YES;
				SDKROOT = iphoneos;
				SWIFT_ACTIVE_COMPILATION_CONDITIONS = "DEBUG $(inherited)";
				SWIFT_OPTIMIZATION_LEVEL = "-Onone";
			};
			name = Debug;
		};
		B175923B2AEEC5F400C745D1 /* Release */ = {
			isa = XCBuildConfiguration;
			buildSettings = {
				ALWAYS_SEARCH_USER_PATHS = NO;
				ASSETCATALOG_COMPILER_GENERATE_SWIFT_ASSET_SYMBOL_EXTENSIONS = YES;
				CLANG_ANALYZER_NONNULL = YES;
				CLANG_ANALYZER_NUMBER_OBJECT_CONVERSION = YES_AGGRESSIVE;
				CLANG_CXX_LANGUAGE_STANDARD = "gnu++20";
				CLANG_ENABLE_MODULES = YES;
				CLANG_ENABLE_OBJC_ARC = YES;
				CLANG_ENABLE_OBJC_WEAK = YES;
				CLANG_WARN_BLOCK_CAPTURE_AUTORELEASING = YES;
				CLANG_WARN_BOOL_CONVERSION = YES;
				CLANG_WARN_COMMA = YES;
				CLANG_WARN_CONSTANT_CONVERSION = YES;
				CLANG_WARN_DEPRECATED_OBJC_IMPLEMENTATIONS = YES;
				CLANG_WARN_DIRECT_OBJC_ISA_USAGE = YES_ERROR;
				CLANG_WARN_DOCUMENTATION_COMMENTS = YES;
				CLANG_WARN_EMPTY_BODY = YES;
				CLANG_WARN_ENUM_CONVERSION = YES;
				CLANG_WARN_INFINITE_RECURSION = YES;
				CLANG_WARN_INT_CONVERSION = YES;
				CLANG_WARN_NON_LITERAL_NULL_CONVERSION = YES;
				CLANG_WARN_OBJC_IMPLICIT_RETAIN_SELF = YES;
				CLANG_WARN_OBJC_LITERAL_CONVERSION = YES;
				CLANG_WARN_OBJC_ROOT_CLASS = YES_ERROR;
				CLANG_WARN_QUOTED_INCLUDE_IN_FRAMEWORK_HEADER = YES;
				CLANG_WARN_RANGE_LOOP_ANALYSIS = YES;
				CLANG_WARN_STRICT_PROTOTYPES = YES;
				CLANG_WARN_SUSPICIOUS_MOVE = YES;
				CLANG_WARN_UNGUARDED_AVAILABILITY = YES_AGGRESSIVE;
				CLANG_WARN_UNREACHABLE_CODE = YES;
				CLANG_WARN__DUPLICATE_METHOD_MATCH = YES;
				COPY_PHASE_STRIP = NO;
				DEBUG_INFORMATION_FORMAT = "dwarf-with-dsym";
				ENABLE_NS_ASSERTIONS = NO;
				ENABLE_STRICT_OBJC_MSGSEND = YES;
				ENABLE_USER_SCRIPT_SANDBOXING = YES;
				GCC_C_LANGUAGE_STANDARD = gnu17;
				GCC_NO_COMMON_BLOCKS = YES;
				GCC_WARN_64_TO_32_BIT_CONVERSION = YES;
				GCC_WARN_ABOUT_RETURN_TYPE = YES_ERROR;
				GCC_WARN_UNDECLARED_SELECTOR = YES;
				GCC_WARN_UNINITIALIZED_AUTOS = YES_AGGRESSIVE;
				GCC_WARN_UNUSED_FUNCTION = YES;
				GCC_WARN_UNUSED_VARIABLE = YES;
				IPHONEOS_DEPLOYMENT_TARGET = 17.0;
				LOCALIZATION_PREFERS_STRING_CATALOGS = YES;
				MTL_ENABLE_DEBUG_INFO = NO;
				MTL_FAST_MATH = YES;
				SDKROOT = iphoneos;
				SWIFT_COMPILATION_MODE = wholemodule;
				VALIDATE_PRODUCT = YES;
			};
			name = Release;
		};
		B175923D2AEEC5F400C745D1 /* Debug */ = {
			isa = XCBuildConfiguration;
			buildSettings = {
				ASSETCATALOG_COMPILER_APPICON_NAME = AppIcon;
				ASSETCATALOG_COMPILER_GLOBAL_ACCENT_COLOR_NAME = AccentColor;
				CODE_SIGN_STYLE = Automatic;
				CURRENT_PROJECT_VERSION = 1;
				DEVELOPMENT_ASSET_PATHS = "\"example/Preview Content\"";
				DEVELOPMENT_TEAM = A8L5QZ969G;
				ENABLE_PREVIEWS = YES;
				GENERATE_INFOPLIST_FILE = YES;
				INFOPLIST_KEY_UIApplicationSceneManifest_Generation = YES;
				INFOPLIST_KEY_UIApplicationSupportsIndirectInputEvents = YES;
				INFOPLIST_KEY_UILaunchScreen_Generation = YES;
				INFOPLIST_KEY_UISupportedInterfaceOrientations_iPad = "UIInterfaceOrientationPortrait UIInterfaceOrientationPortraitUpsideDown UIInterfaceOrientationLandscapeLeft UIInterfaceOrientationLandscapeRight";
				INFOPLIST_KEY_UISupportedInterfaceOrientations_iPhone = "UIInterfaceOrientationPortrait UIInterfaceOrientationLandscapeLeft UIInterfaceOrientationLandscapeRight";
				LD_RUNPATH_SEARCH_PATHS = (
					"$(inherited)",
					"@executable_path/Frameworks",
				);
				MARKETING_VERSION = 1.0;
				PRODUCT_BUNDLE_IDENTIFIER = thanky.example;
				PRODUCT_NAME = "$(TARGET_NAME)";
				SWIFT_EMIT_LOC_STRINGS = YES;
				SWIFT_VERSION = 5.0;
				TARGETED_DEVICE_FAMILY = "1,2";
			};
			name = Debug;
		};
		B175923E2AEEC5F400C745D1 /* Release */ = {
			isa = XCBuildConfiguration;
			buildSettings = {
				ASSETCATALOG_COMPILER_APPICON_NAME = AppIcon;
				ASSETCATALOG_COMPILER_GLOBAL_ACCENT_COLOR_NAME = AccentColor;
				CODE_SIGN_STYLE = Automatic;
				CURRENT_PROJECT_VERSION = 1;
				DEVELOPMENT_ASSET_PATHS = "\"example/Preview Content\"";
				DEVELOPMENT_TEAM = A8L5QZ969G;
				ENABLE_PREVIEWS = YES;
				GENERATE_INFOPLIST_FILE = YES;
				INFOPLIST_KEY_UIApplicationSceneManifest_Generation = YES;
				INFOPLIST_KEY_UIApplicationSupportsIndirectInputEvents = YES;
				INFOPLIST_KEY_UILaunchScreen_Generation = YES;
				INFOPLIST_KEY_UISupportedInterfaceOrientations_iPad = "UIInterfaceOrientationPortrait UIInterfaceOrientationPortraitUpsideDown UIInterfaceOrientationLandscapeLeft UIInterfaceOrientationLandscapeRight";
				INFOPLIST_KEY_UISupportedInterfaceOrientations_iPhone = "UIInterfaceOrientationPortrait UIInterfaceOrientationLandscapeLeft UIInterfaceOrientationLandscapeRight";
				LD_RUNPATH_SEARCH_PATHS = (
					"$(inherited)",
					"@executable_path/Frameworks",
				);
				MARKETING_VERSION = 1.0;
				PRODUCT_BUNDLE_IDENTIFIER = thanky.example;
				PRODUCT_NAME = "$(TARGET_NAME)";
				SWIFT_EMIT_LOC_STRINGS = YES;
				SWIFT_VERSION = 5.0;
				TARGETED_DEVICE_FAMILY = "1,2";
			};
			name = Release;
		};
/* End XCBuildConfiguration section */

/* Begin XCConfigurationList section */
		B17592292AEEC5F300C745D1 /* Build configuration list for PBXProject "example" */ = {
			isa = XCConfigurationList;
			buildConfigurations = (
				B175923A2AEEC5F400C745D1 /* Debug */,
				B175923B2AEEC5F400C745D1 /* Release */,
			);
			defaultConfigurationIsVisible = 0;
			defaultConfigurationName = Release;
		};
		B175923C2AEEC5F400C745D1 /* Build configuration list for PBXNativeTarget "example" */ = {
			isa = XCConfigurationList;
			buildConfigurations = (
				B175923D2AEEC5F400C745D1 /* Debug */,
				B175923E2AEEC5F400C745D1 /* Release */,
			);
			defaultConfigurationIsVisible = 0;
			defaultConfigurationName = Release;
		};
/* End XCConfigurationList section */
	};
	rootObject = B17592262AEEC5F300C745D1 /* Project object */;
}
